// !$*UTF8*$!
{
	archiveVersion = 1;
	classes = {
	};
	objectVersion = 55;
	objects = {

/* Begin PBXBuildFile section */
		473880F827BE7780008C99FF /* UI_468App.swift in Sources */ = {isa = PBXBuildFile; fileRef = 473880F727BE7780008C99FF /* UI_468App.swift */; };
		473880FA27BE7780008C99FF /* ContentView.swift in Sources */ = {isa = PBXBuildFile; fileRef = 473880F927BE7780008C99FF /* ContentView.swift */; };
		473880FC27BE7781008C99FF /* Assets.xcassets in Resources */ = {isa = PBXBuildFile; fileRef = 473880FB27BE7781008C99FF /* Assets.xcassets */; };
		473880FF27BE7781008C99FF /* Preview Assets.xcassets in Resources */ = {isa = PBXBuildFile; fileRef = 473880FE27BE7781008C99FF /* Preview Assets.xcassets */; };
		4738810927BE7781008C99FF /* UI_468Tests.swift in Sources */ = {isa = PBXBuildFile; fileRef = 4738810827BE7781008C99FF /* UI_468Tests.swift */; };
		4738811327BE7781008C99FF /* UI_468UITests.swift in Sources */ = {isa = PBXBuildFile; fileRef = 4738811227BE7781008C99FF /* UI_468UITests.swift */; };
		4738811527BE7781008C99FF /* UI_468UITestsLaunchTests.swift in Sources */ = {isa = PBXBuildFile; fileRef = 4738811427BE7781008C99FF /* UI_468UITestsLaunchTests.swift */; };
		4738812327BE7792008C99FF /* Home.swift in Sources */ = {isa = PBXBuildFile; fileRef = 4738812227BE7792008C99FF /* Home.swift */; };
		4738812727BE77A6008C99FF /* Letter.swift in Sources */ = {isa = PBXBuildFile; fileRef = 4738812627BE77A6008C99FF /* Letter.swift */; };
		4738812927BE78D8008C99FF /* OffsetModifire.swift in Sources */ = {isa = PBXBuildFile; fileRef = 4738812827BE78D8008C99FF /* OffsetModifire.swift */; };
/* End PBXBuildFile section */

/* Begin PBXContainerItemProxy section */
		4738810527BE7781008C99FF /* PBXContainerItemProxy */ = {
			isa = PBXContainerItemProxy;
			containerPortal = 473880EC27BE7780008C99FF /* Project object */;
			proxyType = 1;
			remoteGlobalIDString = 473880F327BE7780008C99FF;
			remoteInfo = "UI-468";
		};
		4738810F27BE7781008C99FF /* PBXContainerItemProxy */ = {
			isa = PBXContainerItemProxy;
			containerPortal = 473880EC27BE7780008C99FF /* Project object */;
			proxyType = 1;
			remoteGlobalIDString = 473880F327BE7780008C99FF;
			remoteInfo = "UI-468";
		};
/* End PBXContainerItemProxy section */

/* Begin PBXFileReference section */
		473880F427BE7780008C99FF /* UI-468.app */ = {isa = PBXFileReference; explicitFileType = wrapper.application; includeInIndex = 0; path = "UI-468.app"; sourceTree = BUILT_PRODUCTS_DIR; };
		473880F727BE7780008C99FF /* UI_468App.swift */ = {isa = PBXFileReference; lastKnownFileType = sourcecode.swift; path = UI_468App.swift; sourceTree = "<group>"; };
		473880F927BE7780008C99FF /* ContentView.swift */ = {isa = PBXFileReference; lastKnownFileType = sourcecode.swift; path = ContentView.swift; sourceTree = "<group>"; };
		473880FB27BE7781008C99FF /* Assets.xcassets */ = {isa = PBXFileReference; lastKnownFileType = folder.assetcatalog; path = Assets.xcassets; sourceTree = "<group>"; };
		473880FE27BE7781008C99FF /* Preview Assets.xcassets */ = {isa = PBXFileReference; lastKnownFileType = folder.assetcatalog; path = "Preview Assets.xcassets"; sourceTree = "<group>"; };
		4738810427BE7781008C99FF /* UI-468Tests.xctest */ = {isa = PBXFileReference; explicitFileType = wrapper.cfbundle; includeInIndex = 0; path = "UI-468Tests.xctest"; sourceTree = BUILT_PRODUCTS_DIR; };
		4738810827BE7781008C99FF /* UI_468Tests.swift */ = {isa = PBXFileReference; lastKnownFileType = sourcecode.swift; path = UI_468Tests.swift; sourceTree = "<group>"; };
		4738810E27BE7781008C99FF /* UI-468UITests.xctest */ = {isa = PBXFileReference; explicitFileType = wrapper.cfbundle; includeInIndex = 0; path = "UI-468UITests.xctest"; sourceTree = BUILT_PRODUCTS_DIR; };
		4738811227BE7781008C99FF /* UI_468UITests.swift */ = {isa = PBXFileReference; lastKnownFileType = sourcecode.swift; path = UI_468UITests.swift; sourceTree = "<group>"; };
		4738811427BE7781008C99FF /* UI_468UITestsLaunchTests.swift */ = {isa = PBXFileReference; lastKnownFileType = sourcecode.swift; path = UI_468UITestsLaunchTests.swift; sourceTree = "<group>"; };
		4738812227BE7792008C99FF /* Home.swift */ = {isa = PBXFileReference; lastKnownFileType = sourcecode.swift; path = Home.swift; sourceTree = "<group>"; };
		4738812627BE77A6008C99FF /* Letter.swift */ = {isa = PBXFileReference; lastKnownFileType = sourcecode.swift; path = Letter.swift; sourceTree = "<group>"; };
		4738812827BE78D8008C99FF /* OffsetModifire.swift */ = {isa = PBXFileReference; lastKnownFileType = sourcecode.swift; path = OffsetModifire.swift; sourceTree = "<group>"; };
/* End PBXFileReference section */

/* Begin PBXFrameworksBuildPhase section */
		473880F127BE7780008C99FF /* Frameworks */ = {
			isa = PBXFrameworksBuildPhase;
			buildActionMask = 2147483647;
			files = (
			);
			runOnlyForDeploymentPostprocessing = 0;
		};
		4738810127BE7781008C99FF /* Frameworks */ = {
			isa = PBXFrameworksBuildPhase;
			buildActionMask = 2147483647;
			files = (
			);
			runOnlyForDeploymentPostprocessing = 0;
		};
		4738810B27BE7781008C99FF /* Frameworks */ = {
			isa = PBXFrameworksBuildPhase;
			buildActionMask = 2147483647;
			files = (
			);
			runOnlyForDeploymentPostprocessing = 0;
		};
/* End PBXFrameworksBuildPhase section */

/* Begin PBXGroup section */
		473880EB27BE7780008C99FF = {
			isa = PBXGroup;
			children = (
				473880F627BE7780008C99FF /* UI-468 */,
				4738810727BE7781008C99FF /* UI-468Tests */,
				4738811127BE7781008C99FF /* UI-468UITests */,
				473880F527BE7780008C99FF /* Products */,
			);
			sourceTree = "<group>";
		};
		473880F527BE7780008C99FF /* Products */ = {
			isa = PBXGroup;
			children = (
				473880F427BE7780008C99FF /* UI-468.app */,
				4738810427BE7781008C99FF /* UI-468Tests.xctest */,
				4738810E27BE7781008C99FF /* UI-468UITests.xctest */,
			);
			name = Products;
			sourceTree = "<group>";
		};
		473880F627BE7780008C99FF /* UI-468 */ = {
			isa = PBXGroup;
			children = (
				4738812527BE779D008C99FF /* Model */,
				4738812127BE778C008C99FF /* View */,
				473880F727BE7780008C99FF /* UI_468App.swift */,
				473880F927BE7780008C99FF /* ContentView.swift */,
				473880FB27BE7781008C99FF /* Assets.xcassets */,
				473880FD27BE7781008C99FF /* Preview Content */,
			);
			path = "UI-468";
			sourceTree = "<group>";
		};
		473880FD27BE7781008C99FF /* Preview Content */ = {
			isa = PBXGroup;
			children = (
				473880FE27BE7781008C99FF /* Preview Assets.xcassets */,
			);
			path = "Preview Content";
			sourceTree = "<group>";
		};
		4738810727BE7781008C99FF /* UI-468Tests */ = {
			isa = PBXGroup;
			children = (
				4738810827BE7781008C99FF /* UI_468Tests.swift */,
			);
			path = "UI-468Tests";
			sourceTree = "<group>";
		};
		4738811127BE7781008C99FF /* UI-468UITests */ = {
			isa = PBXGroup;
			children = (
				4738811227BE7781008C99FF /* UI_468UITests.swift */,
				4738811427BE7781008C99FF /* UI_468UITestsLaunchTests.swift */,
			);
			path = "UI-468UITests";
			sourceTree = "<group>";
		};
		4738812127BE778C008C99FF /* View */ = {
			isa = PBXGroup;
			children = (
				4738812227BE7792008C99FF /* Home.swift */,
				4738812827BE78D8008C99FF /* OffsetModifire.swift */,
			);
			path = View;
			sourceTree = "<group>";
		};
		4738812527BE779D008C99FF /* Model */ = {
			isa = PBXGroup;
			children = (
				4738812627BE77A6008C99FF /* Letter.swift */,
			);
			path = Model;
			sourceTree = "<group>";
		};
/* End PBXGroup section */

/* Begin PBXNativeTarget section */
		473880F327BE7780008C99FF /* UI-468 */ = {
			isa = PBXNativeTarget;
			buildConfigurationList = 4738811827BE7781008C99FF /* Build configuration list for PBXNativeTarget "UI-468" */;
			buildPhases = (
				473880F027BE7780008C99FF /* Sources */,
				473880F127BE7780008C99FF /* Frameworks */,
				473880F227BE7780008C99FF /* Resources */,
			);
			buildRules = (
			);
			dependencies = (
			);
			name = "UI-468";
			productName = "UI-468";
			productReference = 473880F427BE7780008C99FF /* UI-468.app */;
			productType = "com.apple.product-type.application";
		};
		4738810327BE7781008C99FF /* UI-468Tests */ = {
			isa = PBXNativeTarget;
			buildConfigurationList = 4738811B27BE7781008C99FF /* Build configuration list for PBXNativeTarget "UI-468Tests" */;
			buildPhases = (
				4738810027BE7781008C99FF /* Sources */,
				4738810127BE7781008C99FF /* Frameworks */,
				4738810227BE7781008C99FF /* Resources */,
			);
			buildRules = (
			);
			dependencies = (
				4738810627BE7781008C99FF /* PBXTargetDependency */,
			);
			name = "UI-468Tests";
			productName = "UI-468Tests";
			productReference = 4738810427BE7781008C99FF /* UI-468Tests.xctest */;
			productType = "com.apple.product-type.bundle.unit-test";
		};
		4738810D27BE7781008C99FF /* UI-468UITests */ = {
			isa = PBXNativeTarget;
			buildConfigurationList = 4738811E27BE7781008C99FF /* Build configuration list for PBXNativeTarget "UI-468UITests" */;
			buildPhases = (
				4738810A27BE7781008C99FF /* Sources */,
				4738810B27BE7781008C99FF /* Frameworks */,
				4738810C27BE7781008C99FF /* Resources */,
			);
			buildRules = (
			);
			dependencies = (
				4738811027BE7781008C99FF /* PBXTargetDependency */,
			);
			name = "UI-468UITests";
			productName = "UI-468UITests";
			productReference = 4738810E27BE7781008C99FF /* UI-468UITests.xctest */;
			productType = "com.apple.product-type.bundle.ui-testing";
		};
/* End PBXNativeTarget section */

/* Begin PBXProject section */
		473880EC27BE7780008C99FF /* Project object */ = {
			isa = PBXProject;
			attributes = {
				BuildIndependentTargetsInParallel = 1;
				LastSwiftUpdateCheck = 1330;
				LastUpgradeCheck = 1330;
				TargetAttributes = {
					473880F327BE7780008C99FF = {
						CreatedOnToolsVersion = 13.3;
					};
					4738810327BE7781008C99FF = {
						CreatedOnToolsVersion = 13.3;
						TestTargetID = 473880F327BE7780008C99FF;
					};
					4738810D27BE7781008C99FF = {
						CreatedOnToolsVersion = 13.3;
						TestTargetID = 473880F327BE7780008C99FF;
					};
				};
			};
			buildConfigurationList = 473880EF27BE7780008C99FF /* Build configuration list for PBXProject "UI-468" */;
			compatibilityVersion = "Xcode 13.0";
			developmentRegion = en;
			hasScannedForEncodings = 0;
			knownRegions = (
				en,
				Base,
			);
			mainGroup = 473880EB27BE7780008C99FF;
			productRefGroup = 473880F527BE7780008C99FF /* Products */;
			projectDirPath = "";
			projectRoot = "";
			targets = (
				473880F327BE7780008C99FF /* UI-468 */,
				4738810327BE7781008C99FF /* UI-468Tests */,
				4738810D27BE7781008C99FF /* UI-468UITests */,
			);
		};
/* End PBXProject section */

/* Begin PBXResourcesBuildPhase section */
		473880F227BE7780008C99FF /* Resources */ = {
			isa = PBXResourcesBuildPhase;
			buildActionMask = 2147483647;
			files = (
				473880FF27BE7781008C99FF /* Preview Assets.xcassets in Resources */,
				473880FC27BE7781008C99FF /* Assets.xcassets in Resources */,
			);
			runOnlyForDeploymentPostprocessing = 0;
		};
		4738810227BE7781008C99FF /* Resources */ = {
			isa = PBXResourcesBuildPhase;
			buildActionMask = 2147483647;
			files = (
			);
			runOnlyForDeploymentPostprocessing = 0;
		};
		4738810C27BE7781008C99FF /* Resources */ = {
			isa = PBXResourcesBuildPhase;
			buildActionMask = 2147483647;
			files = (
			);
			runOnlyForDeploymentPostprocessing = 0;
		};
/* End PBXResourcesBuildPhase section */

/* Begin PBXSourcesBuildPhase section */
		473880F027BE7780008C99FF /* Sources */ = {
			isa = PBXSourcesBuildPhase;
			buildActionMask = 2147483647;
			files = (
				473880FA27BE7780008C99FF /* ContentView.swift in Sources */,
				4738812327BE7792008C99FF /* Home.swift in Sources */,
				473880F827BE7780008C99FF /* UI_468App.swift in Sources */,
				4738812727BE77A6008C99FF /* Letter.swift in Sources */,
				4738812927BE78D8008C99FF /* OffsetModifire.swift in Sources */,
			);
			runOnlyForDeploymentPostprocessing = 0;
		};
		4738810027BE7781008C99FF /* Sources */ = {
			isa = PBXSourcesBuildPhase;
			buildActionMask = 2147483647;
			files = (
				4738810927BE7781008C99FF /* UI_468Tests.swift in Sources */,
			);
			runOnlyForDeploymentPostprocessing = 0;
		};
		4738810A27BE7781008C99FF /* Sources */ = {
			isa = PBXSourcesBuildPhase;
			buildActionMask = 2147483647;
			files = (
				4738811327BE7781008C99FF /* UI_468UITests.swift in Sources */,
				4738811527BE7781008C99FF /* UI_468UITestsLaunchTests.swift in Sources */,
			);
			runOnlyForDeploymentPostprocessing = 0;
		};
/* End PBXSourcesBuildPhase section */

/* Begin PBXTargetDependency section */
		4738810627BE7781008C99FF /* PBXTargetDependency */ = {
			isa = PBXTargetDependency;
			target = 473880F327BE7780008C99FF /* UI-468 */;
			targetProxy = 4738810527BE7781008C99FF /* PBXContainerItemProxy */;
		};
		4738811027BE7781008C99FF /* PBXTargetDependency */ = {
			isa = PBXTargetDependency;
			target = 473880F327BE7780008C99FF /* UI-468 */;
			targetProxy = 4738810F27BE7781008C99FF /* PBXContainerItemProxy */;
		};
/* End PBXTargetDependency section */

/* Begin XCBuildConfiguration section */
		4738811627BE7781008C99FF /* Debug */ = {
			isa = XCBuildConfiguration;
			buildSettings = {
				ALWAYS_SEARCH_USER_PATHS = NO;
				CLANG_ANALYZER_NONNULL = YES;
				CLANG_ANALYZER_NUMBER_OBJECT_CONVERSION = YES_AGGRESSIVE;
				CLANG_CXX_LANGUAGE_STANDARD = "gnu++17";
				CLANG_ENABLE_MODULES = YES;
				CLANG_ENABLE_OBJC_ARC = YES;
				CLANG_ENABLE_OBJC_WEAK = YES;
				CLANG_WARN_BLOCK_CAPTURE_AUTORELEASING = YES;
				CLANG_WARN_BOOL_CONVERSION = YES;
				CLANG_WARN_COMMA = YES;
				CLANG_WARN_CONSTANT_CONVERSION = YES;
				CLANG_WARN_DEPRECATED_OBJC_IMPLEMENTATIONS = YES;
				CLANG_WARN_DIRECT_OBJC_ISA_USAGE = YES_ERROR;
				CLANG_WARN_DOCUMENTATION_COMMENTS = YES;
				CLANG_WARN_EMPTY_BODY = YES;
				CLANG_WARN_ENUM_CONVERSION = YES;
				CLANG_WARN_INFINITE_RECURSION = YES;
				CLANG_WARN_INT_CONVERSION = YES;
				CLANG_WARN_NON_LITERAL_NULL_CONVERSION = YES;
				CLANG_WARN_OBJC_IMPLICIT_RETAIN_SELF = YES;
				CLANG_WARN_OBJC_LITERAL_CONVERSION = YES;
				CLANG_WARN_OBJC_ROOT_CLASS = YES_ERROR;
				CLANG_WARN_QUOTED_INCLUDE_IN_FRAMEWORK_HEADER = YES;
				CLANG_WARN_RANGE_LOOP_ANALYSIS = YES;
				CLANG_WARN_STRICT_PROTOTYPES = YES;
				CLANG_WARN_SUSPICIOUS_MOVE = YES;
				CLANG_WARN_UNGUARDED_AVAILABILITY = YES_AGGRESSIVE;
				CLANG_WARN_UNREACHABLE_CODE = YES;
				CLANG_WARN__DUPLICATE_METHOD_MATCH = YES;
				COPY_PHASE_STRIP = NO;
				DEBUG_INFORMATION_FORMAT = dwarf;
				ENABLE_STRICT_OBJC_MSGSEND = YES;
				ENABLE_TESTABILITY = YES;
				GCC_C_LANGUAGE_STANDARD = gnu11;
				GCC_DYNAMIC_NO_PIC = NO;
				GCC_NO_COMMON_BLOCKS = YES;
				GCC_OPTIMIZATION_LEVEL = 0;
				GCC_PREPROCESSOR_DEFINITIONS = (
					"DEBUG=1",
					"$(inherited)",
				);
				GCC_WARN_64_TO_32_BIT_CONVERSION = YES;
				GCC_WARN_ABOUT_RETURN_TYPE = YES_ERROR;
				GCC_WARN_UNDECLARED_SELECTOR = YES;
				GCC_WARN_UNINITIALIZED_AUTOS = YES_AGGRESSIVE;
				GCC_WARN_UNUSED_FUNCTION = YES;
				GCC_WARN_UNUSED_VARIABLE = YES;
				IPHONEOS_DEPLOYMENT_TARGET = 15.4;
				MTL_ENABLE_DEBUG_INFO = INCLUDE_SOURCE;
				MTL_FAST_MATH = YES;
				ONLY_ACTIVE_ARCH = YES;
				SDKROOT = iphoneos;
				SWIFT_ACTIVE_COMPILATION_CONDITIONS = DEBUG;
				SWIFT_OPTIMIZATION_LEVEL = "-Onone";
			};
			name = Debug;
		};
		4738811727BE7781008C99FF /* Release */ = {
			isa = XCBuildConfiguration;
			buildSettings = {
				ALWAYS_SEARCH_USER_PATHS = NO;
				CLANG_ANALYZER_NONNULL = YES;
				CLANG_ANALYZER_NUMBER_OBJECT_CONVERSION = YES_AGGRESSIVE;
				CLANG_CXX_LANGUAGE_STANDARD = "gnu++17";
				CLANG_ENABLE_MODULES = YES;
				CLANG_ENABLE_OBJC_ARC = YES;
				CLANG_ENABLE_OBJC_WEAK = YES;
				CLANG_WARN_BLOCK_CAPTURE_AUTORELEASING = YES;
				CLANG_WARN_BOOL_CONVERSION = YES;
				CLANG_WARN_COMMA = YES;
				CLANG_WARN_CONSTANT_CONVERSION = YES;
				CLANG_WARN_DEPRECATED_OBJC_IMPLEMENTATIONS = YES;
				CLANG_WARN_DIRECT_OBJC_ISA_USAGE = YES_ERROR;
				CLANG_WARN_DOCUMENTATION_COMMENTS = YES;
				CLANG_WARN_EMPTY_BODY = YES;
				CLANG_WARN_ENUM_CONVERSION = YES;
				CLANG_WARN_INFINITE_RECURSION = YES;
				CLANG_WARN_INT_CONVERSION = YES;
				CLANG_WARN_NON_LITERAL_NULL_CONVERSION = YES;
				CLANG_WARN_OBJC_IMPLICIT_RETAIN_SELF = YES;
				CLANG_WARN_OBJC_LITERAL_CONVERSION = YES;
				CLANG_WARN_OBJC_ROOT_CLASS = YES_ERROR;
				CLANG_WARN_QUOTED_INCLUDE_IN_FRAMEWORK_HEADER = YES;
				CLANG_WARN_RANGE_LOOP_ANALYSIS = YES;
				CLANG_WARN_STRICT_PROTOTYPES = YES;
				CLANG_WARN_SUSPICIOUS_MOVE = YES;
				CLANG_WARN_UNGUARDED_AVAILABILITY = YES_AGGRESSIVE;
				CLANG_WARN_UNREACHABLE_CODE = YES;
				CLANG_WARN__DUPLICATE_METHOD_MATCH = YES;
				COPY_PHASE_STRIP = NO;
				DEBUG_INFORMATION_FORMAT = "dwarf-with-dsym";
				ENABLE_NS_ASSERTIONS = NO;
				ENABLE_STRICT_OBJC_MSGSEND = YES;
				GCC_C_LANGUAGE_STANDARD = gnu11;
				GCC_NO_COMMON_BLOCKS = YES;
				GCC_WARN_64_TO_32_BIT_CONVERSION = YES;
				GCC_WARN_ABOUT_RETURN_TYPE = YES_ERROR;
				GCC_WARN_UNDECLARED_SELECTOR = YES;
				GCC_WARN_UNINITIALIZED_AUTOS = YES_AGGRESSIVE;
				GCC_WARN_UNUSED_FUNCTION = YES;
				GCC_WARN_UNUSED_VARIABLE = YES;
				IPHONEOS_DEPLOYMENT_TARGET = 15.4;
				MTL_ENABLE_DEBUG_INFO = NO;
				MTL_FAST_MATH = YES;
				SDKROOT = iphoneos;
				SWIFT_COMPILATION_MODE = wholemodule;
				SWIFT_OPTIMIZATION_LEVEL = "-O";
				VALIDATE_PRODUCT = YES;
			};
			name = Release;
		};
		4738811927BE7781008C99FF /* Debug */ = {
			isa = XCBuildConfiguration;
			buildSettings = {
				ASSETCATALOG_COMPILER_APPICON_NAME = AppIcon;
				ASSETCATALOG_COMPILER_GLOBAL_ACCENT_COLOR_NAME = AccentColor;
				CODE_SIGN_STYLE = Automatic;
				CURRENT_PROJECT_VERSION = 1;
				DEVELOPMENT_ASSET_PATHS = "\"UI-468/Preview Content\"";
				DEVELOPMENT_TEAM = 8CL4U468K5;
				ENABLE_PREVIEWS = YES;
				GENERATE_INFOPLIST_FILE = YES;
				INFOPLIST_KEY_UIApplicationSceneManifest_Generation = YES;
				INFOPLIST_KEY_UIApplicationSupportsIndirectInputEvents = YES;
				INFOPLIST_KEY_UILaunchScreen_Generation = YES;
				INFOPLIST_KEY_UISupportedInterfaceOrientations_iPad = "UIInterfaceOrientationPortrait UIInterfaceOrientationPortraitUpsideDown UIInterfaceOrientationLandscapeLeft UIInterfaceOrientationLandscapeRight";
				INFOPLIST_KEY_UISupportedInterfaceOrientations_iPhone = "UIInterfaceOrientationPortrait UIInterfaceOrientationLandscapeLeft UIInterfaceOrientationLandscapeRight";
				LD_RUNPATH_SEARCH_PATHS = (
					"$(inherited)",
					"@executable_path/Frameworks",
				);
				MARKETING_VERSION = 1.0;
				PRODUCT_BUNDLE_IDENTIFIER = "com.585.UI-468";
				PRODUCT_NAME = "$(TARGET_NAME)";
				SWIFT_EMIT_LOC_STRINGS = YES;
				SWIFT_VERSION = 5.0;
				TARGETED_DEVICE_FAMILY = "1,2";
			};
			name = Debug;
		};
		4738811A27BE7781008C99FF /* Release */ = {
			isa = XCBuildConfiguration;
			buildSettings = {
				ASSETCATALOG_COMPILER_APPICON_NAME = AppIcon;
				ASSETCATALOG_COMPILER_GLOBAL_ACCENT_COLOR_NAME = AccentColor;
				CODE_SIGN_STYLE = Automatic;
				CURRENT_PROJECT_VERSION = 1;
				DEVELOPMENT_ASSET_PATHS = "\"UI-468/Preview Content\"";
				DEVELOPMENT_TEAM = 8CL4U468K5;
				ENABLE_PREVIEWS = YES;
				GENERATE_INFOPLIST_FILE = YES;
				INFOPLIST_KEY_UIApplicationSceneManifest_Generation = YES;
				INFOPLIST_KEY_UIApplicationSupportsIndirectInputEvents = YES;
				INFOPLIST_KEY_UILaunchScreen_Generation = YES;
				INFOPLIST_KEY_UISupportedInterfaceOrientations_iPad = "UIInterfaceOrientationPortrait UIInterfaceOrientationPortraitUpsideDown UIInterfaceOrientationLandscapeLeft UIInterfaceOrientationLandscapeRight";
				INFOPLIST_KEY_UISupportedInterfaceOrientations_iPhone = "UIInterfaceOrientationPortrait UIInterfaceOrientationLandscapeLeft UIInterfaceOrientationLandscapeRight";
				LD_RUNPATH_SEARCH_PATHS = (
					"$(inherited)",
					"@executable_path/Frameworks",
				);
				MARKETING_VERSION = 1.0;
				PRODUCT_BUNDLE_IDENTIFIER = "com.585.UI-468";
				PRODUCT_NAME = "$(TARGET_NAME)";
				SWIFT_EMIT_LOC_STRINGS = YES;
				SWIFT_VERSION = 5.0;
				TARGETED_DEVICE_FAMILY = "1,2";
			};
			name = Release;
		};
		4738811C27BE7781008C99FF /* Debug */ = {
			isa = XCBuildConfiguration;
			buildSettings = {
				ALWAYS_EMBED_SWIFT_STANDARD_LIBRARIES = YES;
				BUNDLE_LOADER = "$(TEST_HOST)";
				CODE_SIGN_STYLE = Automatic;
				CURRENT_PROJECT_VERSION = 1;
				DEVELOPMENT_TEAM = 8CL4U468K5;
				GENERATE_INFOPLIST_FILE = YES;
				IPHONEOS_DEPLOYMENT_TARGET = 15.4;
				MARKETING_VERSION = 1.0;
				PRODUCT_BUNDLE_IDENTIFIER = "com.585.UI-468Tests";
				PRODUCT_NAME = "$(TARGET_NAME)";
				SWIFT_EMIT_LOC_STRINGS = NO;
				SWIFT_VERSION = 5.0;
				TARGETED_DEVICE_FAMILY = "1,2";
				TEST_HOST = "$(BUILT_PRODUCTS_DIR)/UI-468.app/UI-468";
			};
			name = Debug;
		};
		4738811D27BE7781008C99FF /* Release */ = {
			isa = XCBuildConfiguration;
			buildSettings = {
				ALWAYS_EMBED_SWIFT_STANDARD_LIBRARIES = YES;
				BUNDLE_LOADER = "$(TEST_HOST)";
				CODE_SIGN_STYLE = Automatic;
				CURRENT_PROJECT_VERSION = 1;
				DEVELOPMENT_TEAM = 8CL4U468K5;
				GENERATE_INFOPLIST_FILE = YES;
				IPHONEOS_DEPLOYMENT_TARGET = 15.4;
				MARKETING_VERSION = 1.0;
				PRODUCT_BUNDLE_IDENTIFIER = "com.585.UI-468Tests";
				PRODUCT_NAME = "$(TARGET_NAME)";
				SWIFT_EMIT_LOC_STRINGS = NO;
				SWIFT_VERSION = 5.0;
				TARGETED_DEVICE_FAMILY = "1,2";
				TEST_HOST = "$(BUILT_PRODUCTS_DIR)/UI-468.app/UI-468";
			};
			name = Release;
		};
		4738811F27BE7781008C99FF /* Debug */ = {
			isa = XCBuildConfiguration;
			buildSettings = {
				ALWAYS_EMBED_SWIFT_STANDARD_LIBRARIES = YES;
				CODE_SIGN_STYLE = Automatic;
				CURRENT_PROJECT_VERSION = 1;
				DEVELOPMENT_TEAM = 8CL4U468K5;
				GENERATE_INFOPLIST_FILE = YES;
				MARKETING_VERSION = 1.0;
				PRODUCT_BUNDLE_IDENTIFIER = "com.585.UI-468UITests";
				PRODUCT_NAME = "$(TARGET_NAME)";
				SWIFT_EMIT_LOC_STRINGS = NO;
				SWIFT_VERSION = 5.0;
				TARGETED_DEVICE_FAMILY = "1,2";
				TEST_TARGET_NAME = "UI-468";
			};
			name = Debug;
		};
		4738812027BE7781008C99FF /* Release */ = {
			isa = XCBuildConfiguration;
			buildSettings = {
				ALWAYS_EMBED_SWIFT_STANDARD_LIBRARIES = YES;
				CODE_SIGN_STYLE = Automatic;
				CURRENT_PROJECT_VERSION = 1;
				DEVELOPMENT_TEAM = 8CL4U468K5;
				GENERATE_INFOPLIST_FILE = YES;
				MARKETING_VERSION = 1.0;
				PRODUCT_BUNDLE_IDENTIFIER = "com.585.UI-468UITests";
				PRODUCT_NAME = "$(TARGET_NAME)";
				SWIFT_EMIT_LOC_STRINGS = NO;
				SWIFT_VERSION = 5.0;
				TARGETED_DEVICE_FAMILY = "1,2";
				TEST_TARGET_NAME = "UI-468";
			};
			name = Release;
		};
/* End XCBuildConfiguration section */

/* Begin XCConfigurationList section */
		473880EF27BE7780008C99FF /* Build configuration list for PBXProject "UI-468" */ = {
			isa = XCConfigurationList;
			buildConfigurations = (
				4738811627BE7781008C99FF /* Debug */,
				4738811727BE7781008C99FF /* Release */,
			);
			defaultConfigurationIsVisible = 0;
			defaultConfigurationName = Release;
		};
		4738811827BE7781008C99FF /* Build configuration list for PBXNativeTarget "UI-468" */ = {
			isa = XCConfigurationList;
			buildConfigurations = (
				4738811927BE7781008C99FF /* Debug */,
				4738811A27BE7781008C99FF /* Release */,
			);
			defaultConfigurationIsVisible = 0;
			defaultConfigurationName = Release;
		};
		4738811B27BE7781008C99FF /* Build configuration list for PBXNativeTarget "UI-468Tests" */ = {
			isa = XCConfigurationList;
			buildConfigurations = (
				4738811C27BE7781008C99FF /* Debug */,
				4738811D27BE7781008C99FF /* Release */,
			);
			defaultConfigurationIsVisible = 0;
			defaultConfigurationName = Release;
		};
		4738811E27BE7781008C99FF /* Build configuration list for PBXNativeTarget "UI-468UITests" */ = {
			isa = XCConfigurationList;
			buildConfigurations = (
				4738811F27BE7781008C99FF /* Debug */,
				4738812027BE7781008C99FF /* Release */,
			);
			defaultConfigurationIsVisible = 0;
			defaultConfigurationName = Release;
		};
/* End XCConfigurationList section */
	};
	rootObject = 473880EC27BE7780008C99FF /* Project object */;
}
